// !$*UTF8*$!
{
	archiveVersion = 1;
	classes = {
	};
	objectVersion = 56;
	objects = {

/* Begin PBXBuildFile section */
		09457DAA2AE4EA590079490B /* AppDelegate.swift in Sources */ = {isa = PBXBuildFile; fileRef = 09457DA92AE4EA590079490B /* AppDelegate.swift */; };
		09457DAC2AE4EA590079490B /* SceneDelegate.swift in Sources */ = {isa = PBXBuildFile; fileRef = 09457DAB2AE4EA590079490B /* SceneDelegate.swift */; };
		09457DAE2AE4EA590079490B /* SignUpViewController.swift in Sources */ = {isa = PBXBuildFile; fileRef = 09457DAD2AE4EA590079490B /* SignUpViewController.swift */; };
		09457DB12AE4EA590079490B /* Main.storyboard in Resources */ = {isa = PBXBuildFile; fileRef = 09457DAF2AE4EA590079490B /* Main.storyboard */; };
		09457DB32AE4EA590079490B /* Assets.xcassets in Resources */ = {isa = PBXBuildFile; fileRef = 09457DB22AE4EA590079490B /* Assets.xcassets */; };
		09457DBF2AE4EAC40079490B /* Constants.swift in Sources */ = {isa = PBXBuildFile; fileRef = 09457DBE2AE4EAC40079490B /* Constants.swift */; };
		09457DC22AE4EE6D0079490B /* HelperClass.swift in Sources */ = {isa = PBXBuildFile; fileRef = 09457DC12AE4EE6D0079490B /* HelperClass.swift */; };
		09457DC42AE4F0360079490B /* LaunchScreen.storyboard in Resources */ = {isa = PBXBuildFile; fileRef = 09457DC32AE4F0360079490B /* LaunchScreen.storyboard */; };
		09457DC62AE4F6E20079490B /* Routing.swift in Sources */ = {isa = PBXBuildFile; fileRef = 09457DC52AE4F6E20079490B /* Routing.swift */; };
		09457DC92AE4FAEF0079490B /* NSObject.swift in Sources */ = {isa = PBXBuildFile; fileRef = 09457DC82AE4FAEF0079490B /* NSObject.swift */; };
		09457DCB2AE4FB3B0079490B /* Storyboard.swift in Sources */ = {isa = PBXBuildFile; fileRef = 09457DCA2AE4FB3B0079490B /* Storyboard.swift */; };
		09457DCD2AE50CF30079490B /* UIView.swift in Sources */ = {isa = PBXBuildFile; fileRef = 09457DCC2AE50CF30079490B /* UIView.swift */; };
		09457DD42AE50DAC0079490B /* SignInViewController.swift in Sources */ = {isa = PBXBuildFile; fileRef = 09457DD32AE50DAC0079490B /* SignInViewController.swift */; };
		099DD92D2AE5174600172D94 /* UITextField.swift in Sources */ = {isa = PBXBuildFile; fileRef = 099DD92C2AE5174600172D94 /* UITextField.swift */; };
		DC5383769CDA32E8F07D60E1 /* Pods_Practiise.framework in Frameworks */ = {isa = PBXBuildFile; fileRef = 3B3F18F2EA0521D138C4F595 /* Pods_Practiise.framework */; };
/* End PBXBuildFile section */

/* Begin PBXFileReference section */
		09457DA62AE4EA590079490B /* Practiise.app */ = {isa = PBXFileReference; explicitFileType = wrapper.application; includeInIndex = 0; path = Practiise.app; sourceTree = BUILT_PRODUCTS_DIR; };
		09457DA92AE4EA590079490B /* AppDelegate.swift */ = {isa = PBXFileReference; lastKnownFileType = sourcecode.swift; path = AppDelegate.swift; sourceTree = "<group>"; };
		09457DAB2AE4EA590079490B /* SceneDelegate.swift */ = {isa = PBXFileReference; lastKnownFileType = sourcecode.swift; path = SceneDelegate.swift; sourceTree = "<group>"; };
		09457DAD2AE4EA590079490B /* SignUpViewController.swift */ = {isa = PBXFileReference; lastKnownFileType = sourcecode.swift; path = SignUpViewController.swift; sourceTree = "<group>"; };
		09457DB02AE4EA590079490B /* Base */ = {isa = PBXFileReference; lastKnownFileType = file.storyboard; name = Base; path = Base.lproj/Main.storyboard; sourceTree = "<group>"; };
		09457DB22AE4EA590079490B /* Assets.xcassets */ = {isa = PBXFileReference; lastKnownFileType = folder.assetcatalog; path = Assets.xcassets; sourceTree = "<group>"; };
		09457DB72AE4EA590079490B /* Info.plist */ = {isa = PBXFileReference; lastKnownFileType = text.plist.xml; path = Info.plist; sourceTree = "<group>"; };
		09457DBE2AE4EAC40079490B /* Constants.swift */ = {isa = PBXFileReference; lastKnownFileType = sourcecode.swift; path = Constants.swift; sourceTree = "<group>"; };
		09457DC12AE4EE6D0079490B /* HelperClass.swift */ = {isa = PBXFileReference; lastKnownFileType = sourcecode.swift; path = HelperClass.swift; sourceTree = "<group>"; };
		09457DC32AE4F0360079490B /* LaunchScreen.storyboard */ = {isa = PBXFileReference; lastKnownFileType = file.storyboard; path = LaunchScreen.storyboard; sourceTree = "<group>"; };
		09457DC52AE4F6E20079490B /* Routing.swift */ = {isa = PBXFileReference; lastKnownFileType = sourcecode.swift; path = Routing.swift; sourceTree = "<group>"; };
		09457DC82AE4FAEF0079490B /* NSObject.swift */ = {isa = PBXFileReference; lastKnownFileType = sourcecode.swift; path = NSObject.swift; sourceTree = "<group>"; };
		09457DCA2AE4FB3B0079490B /* Storyboard.swift */ = {isa = PBXFileReference; lastKnownFileType = sourcecode.swift; path = Storyboard.swift; sourceTree = "<group>"; };
		09457DCC2AE50CF30079490B /* UIView.swift */ = {isa = PBXFileReference; lastKnownFileType = sourcecode.swift; path = UIView.swift; sourceTree = "<group>"; };
		09457DD32AE50DAC0079490B /* SignInViewController.swift */ = {isa = PBXFileReference; lastKnownFileType = sourcecode.swift; path = SignInViewController.swift; sourceTree = "<group>"; };
		099DD92C2AE5174600172D94 /* UITextField.swift */ = {isa = PBXFileReference; lastKnownFileType = sourcecode.swift; path = UITextField.swift; sourceTree = "<group>"; };
		199C21455FDEA28A8EC12499 /* Pods-Practiise.debug.xcconfig */ = {isa = PBXFileReference; includeInIndex = 1; lastKnownFileType = text.xcconfig; name = "Pods-Practiise.debug.xcconfig"; path = "Target Support Files/Pods-Practiise/Pods-Practiise.debug.xcconfig"; sourceTree = "<group>"; };
		3B3F18F2EA0521D138C4F595 /* Pods_Practiise.framework */ = {isa = PBXFileReference; explicitFileType = wrapper.framework; includeInIndex = 0; path = Pods_Practiise.framework; sourceTree = BUILT_PRODUCTS_DIR; };
		64AF800CA4D935DAB9D6A6C2 /* Pods-Practiise.release.xcconfig */ = {isa = PBXFileReference; includeInIndex = 1; lastKnownFileType = text.xcconfig; name = "Pods-Practiise.release.xcconfig"; path = "Target Support Files/Pods-Practiise/Pods-Practiise.release.xcconfig"; sourceTree = "<group>"; };
/* End PBXFileReference section */

/* Begin PBXFrameworksBuildPhase section */
		09457DA32AE4EA590079490B /* Frameworks */ = {
			isa = PBXFrameworksBuildPhase;
			buildActionMask = 2147483647;
			files = (
				DC5383769CDA32E8F07D60E1 /* Pods_Practiise.framework in Frameworks */,
			);
			runOnlyForDeploymentPostprocessing = 0;
		};
/* End PBXFrameworksBuildPhase section */

/* Begin PBXGroup section */
		09457D9D2AE4EA580079490B = {
			isa = PBXGroup;
			children = (
				09457DA82AE4EA590079490B /* Practiise */,
				09457DA72AE4EA590079490B /* Products */,
				40503464FF4944A0FD5D4E73 /* Pods */,
				56CC238E4346865AB7F57928 /* Frameworks */,
			);
			sourceTree = "<group>";
		};
		09457DA72AE4EA590079490B /* Products */ = {
			isa = PBXGroup;
			children = (
				09457DA62AE4EA590079490B /* Practiise.app */,
			);
			name = Products;
			sourceTree = "<group>";
		};
		09457DA82AE4EA590079490B /* Practiise */ = {
			isa = PBXGroup;
			children = (
				09457DCE2AE50D6E0079490B /* Presentation */,
				09457DC72AE4FAE40079490B /* Extension */,
				09457DC02AE4EDDA0079490B /* Helper Class */,
				09457DBD2AE4EAB50079490B /* Constants */,
				09457DA92AE4EA590079490B /* AppDelegate.swift */,
				09457DAB2AE4EA590079490B /* SceneDelegate.swift */,
				09457DAF2AE4EA590079490B /* Main.storyboard */,
				09457DB22AE4EA590079490B /* Assets.xcassets */,
				09457DB72AE4EA590079490B /* Info.plist */,
			);
			path = Practiise;
			sourceTree = "<group>";
		};
		09457DBD2AE4EAB50079490B /* Constants */ = {
			isa = PBXGroup;
			children = (
				09457DBE2AE4EAC40079490B /* Constants.swift */,
			);
			path = Constants;
			sourceTree = "<group>";
		};
		09457DC02AE4EDDA0079490B /* Helper Class */ = {
			isa = PBXGroup;
			children = (
				09457DC12AE4EE6D0079490B /* HelperClass.swift */,
				09457DC52AE4F6E20079490B /* Routing.swift */,
			);
			path = "Helper Class";
			sourceTree = "<group>";
		};
		09457DC72AE4FAE40079490B /* Extension */ = {
			isa = PBXGroup;
			children = (
				09457DC82AE4FAEF0079490B /* NSObject.swift */,
				09457DCA2AE4FB3B0079490B /* Storyboard.swift */,
				09457DCC2AE50CF30079490B /* UIView.swift */,
				099DD92C2AE5174600172D94 /* UITextField.swift */,
			);
			path = Extension;
			sourceTree = "<group>";
		};
		09457DCE2AE50D6E0079490B /* Presentation */ = {
			isa = PBXGroup;
			children = (
				09457DD02AE50D830079490B /* View Controllers */,
				09457DCF2AE50D750079490B /* Launch Screen */,
			);
			path = Presentation;
			sourceTree = "<group>";
		};
		09457DCF2AE50D750079490B /* Launch Screen */ = {
			isa = PBXGroup;
			children = (
				09457DC32AE4F0360079490B /* LaunchScreen.storyboard */,
			);
			path = "Launch Screen";
			sourceTree = "<group>";
		};
		09457DD02AE50D830079490B /* View Controllers */ = {
			isa = PBXGroup;
			children = (
				09457DD22AE50D910079490B /* Sign Up */,
				09457DD12AE50D8A0079490B /* Sign In */,
			);
			path = "View Controllers";
			sourceTree = "<group>";
		};
		09457DD12AE50D8A0079490B /* Sign In */ = {
			isa = PBXGroup;
			children = (
				09457DD32AE50DAC0079490B /* SignInViewController.swift */,
			);
			path = "Sign In";
			sourceTree = "<group>";
		};
		09457DD22AE50D910079490B /* Sign Up */ = {
			isa = PBXGroup;
			children = (
				09457DAD2AE4EA590079490B /* SignUpViewController.swift */,
			);
			path = "Sign Up";
			sourceTree = "<group>";
		};
		40503464FF4944A0FD5D4E73 /* Pods */ = {
			isa = PBXGroup;
			children = (
				199C21455FDEA28A8EC12499 /* Pods-Practiise.debug.xcconfig */,
				64AF800CA4D935DAB9D6A6C2 /* Pods-Practiise.release.xcconfig */,
			);
			path = Pods;
			sourceTree = "<group>";
		};
		56CC238E4346865AB7F57928 /* Frameworks */ = {
			isa = PBXGroup;
			children = (
				3B3F18F2EA0521D138C4F595 /* Pods_Practiise.framework */,
			);
			name = Frameworks;
			sourceTree = "<group>";
		};
/* End PBXGroup section */

/* Begin PBXNativeTarget section */
		09457DA52AE4EA590079490B /* Practiise */ = {
			isa = PBXNativeTarget;
			buildConfigurationList = 09457DBA2AE4EA590079490B /* Build configuration list for PBXNativeTarget "Practiise" */;
			buildPhases = (
				4CF6A13BEE9FAC05FE66D801 /* [CP] Check Pods Manifest.lock */,
				09457DA22AE4EA590079490B /* Sources */,
				09457DA32AE4EA590079490B /* Frameworks */,
				09457DA42AE4EA590079490B /* Resources */,
			);
			buildRules = (
			);
			dependencies = (
			);
			name = Practiise;
			productName = Practiise;
			productReference = 09457DA62AE4EA590079490B /* Practiise.app */;
			productType = "com.apple.product-type.application";
		};
/* End PBXNativeTarget section */

/* Begin PBXProject section */
		09457D9E2AE4EA580079490B /* Project object */ = {
			isa = PBXProject;
			attributes = {
				BuildIndependentTargetsInParallel = 1;
				LastSwiftUpdateCheck = 1500;
				LastUpgradeCheck = 1500;
				TargetAttributes = {
					09457DA52AE4EA590079490B = {
						CreatedOnToolsVersion = 15.0.1;
					};
				};
			};
			buildConfigurationList = 09457DA12AE4EA580079490B /* Build configuration list for PBXProject "Practiise" */;
			compatibilityVersion = "Xcode 14.0";
			developmentRegion = en;
			hasScannedForEncodings = 0;
			knownRegions = (
				en,
				Base,
			);
			mainGroup = 09457D9D2AE4EA580079490B;
			productRefGroup = 09457DA72AE4EA590079490B /* Products */;
			projectDirPath = "";
			projectRoot = "";
			targets = (
				09457DA52AE4EA590079490B /* Practiise */,
			);
		};
/* End PBXProject section */

/* Begin PBXResourcesBuildPhase section */
		09457DA42AE4EA590079490B /* Resources */ = {
			isa = PBXResourcesBuildPhase;
			buildActionMask = 2147483647;
			files = (
				09457DC42AE4F0360079490B /* LaunchScreen.storyboard in Resources */,
				09457DB32AE4EA590079490B /* Assets.xcassets in Resources */,
				09457DB12AE4EA590079490B /* Main.storyboard in Resources */,
			);
			runOnlyForDeploymentPostprocessing = 0;
		};
/* End PBXResourcesBuildPhase section */

/* Begin PBXShellScriptBuildPhase section */
		4CF6A13BEE9FAC05FE66D801 /* [CP] Check Pods Manifest.lock */ = {
			isa = PBXShellScriptBuildPhase;
			buildActionMask = 2147483647;
			files = (
			);
			inputFileListPaths = (
			);
			inputPaths = (
				"${PODS_PODFILE_DIR_PATH}/Podfile.lock",
				"${PODS_ROOT}/Manifest.lock",
			);
			name = "[CP] Check Pods Manifest.lock";
			outputFileListPaths = (
			);
			outputPaths = (
				"$(DERIVED_FILE_DIR)/Pods-Practiise-checkManifestLockResult.txt",
			);
			runOnlyForDeploymentPostprocessing = 0;
			shellPath = /bin/sh;
			shellScript = "diff \"${PODS_PODFILE_DIR_PATH}/Podfile.lock\" \"${PODS_ROOT}/Manifest.lock\" > /dev/null\nif [ $? != 0 ] ; then\n    # print error to STDERR\n    echo \"error: The sandbox is not in sync with the Podfile.lock. Run 'pod install' or update your CocoaPods installation.\" >&2\n    exit 1\nfi\n# This output is used by Xcode 'outputs' to avoid re-running this script phase.\necho \"SUCCESS\" > \"${SCRIPT_OUTPUT_FILE_0}\"\n";
			showEnvVarsInLog = 0;
		};
/* End PBXShellScriptBuildPhase section */

/* Begin PBXSourcesBuildPhase section */
		09457DA22AE4EA590079490B /* Sources */ = {
			isa = PBXSourcesBuildPhase;
			buildActionMask = 2147483647;
			files = (
				09457DAE2AE4EA590079490B /* SignUpViewController.swift in Sources */,
				09457DC22AE4EE6D0079490B /* HelperClass.swift in Sources */,
				09457DC62AE4F6E20079490B /* Routing.swift in Sources */,
				099DD92D2AE5174600172D94 /* UITextField.swift in Sources */,
				09457DC92AE4FAEF0079490B /* NSObject.swift in Sources */,
				09457DCB2AE4FB3B0079490B /* Storyboard.swift in Sources */,
				09457DAA2AE4EA590079490B /* AppDelegate.swift in Sources */,
				09457DAC2AE4EA590079490B /* SceneDelegate.swift in Sources */,
				09457DCD2AE50CF30079490B /* UIView.swift in Sources */,
				09457DD42AE50DAC0079490B /* SignInViewController.swift in Sources */,
				09457DBF2AE4EAC40079490B /* Constants.swift in Sources */,
			);
			runOnlyForDeploymentPostprocessing = 0;
		};
/* End PBXSourcesBuildPhase section */

/* Begin PBXVariantGroup section */
		09457DAF2AE4EA590079490B /* Main.storyboard */ = {
			isa = PBXVariantGroup;
			children = (
				09457DB02AE4EA590079490B /* Base */,
			);
			name = Main.storyboard;
			sourceTree = "<group>";
		};
/* End PBXVariantGroup section */

/* Begin XCBuildConfiguration section */
		09457DB82AE4EA590079490B /* Debug */ = {
			isa = XCBuildConfiguration;
			buildSettings = {
				ALWAYS_SEARCH_USER_PATHS = NO;
				ASSETCATALOG_COMPILER_GENERATE_SWIFT_ASSET_SYMBOL_EXTENSIONS = YES;
				CLANG_ANALYZER_NONNULL = YES;
				CLANG_ANALYZER_NUMBER_OBJECT_CONVERSION = YES_AGGRESSIVE;
				CLANG_CXX_LANGUAGE_STANDARD = "gnu++20";
				CLANG_ENABLE_MODULES = YES;
				CLANG_ENABLE_OBJC_ARC = YES;
				CLANG_ENABLE_OBJC_WEAK = YES;
				CLANG_WARN_BLOCK_CAPTURE_AUTORELEASING = YES;
				CLANG_WARN_BOOL_CONVERSION = YES;
				CLANG_WARN_COMMA = YES;
				CLANG_WARN_CONSTANT_CONVERSION = YES;
				CLANG_WARN_DEPRECATED_OBJC_IMPLEMENTATIONS = YES;
				CLANG_WARN_DIRECT_OBJC_ISA_USAGE = YES_ERROR;
				CLANG_WARN_DOCUMENTATION_COMMENTS = YES;
				CLANG_WARN_EMPTY_BODY = YES;
				CLANG_WARN_ENUM_CONVERSION = YES;
				CLANG_WARN_INFINITE_RECURSION = YES;
				CLANG_WARN_INT_CONVERSION = YES;
				CLANG_WARN_NON_LITERAL_NULL_CONVERSION = YES;
				CLANG_WARN_OBJC_IMPLICIT_RETAIN_SELF = YES;
				CLANG_WARN_OBJC_LITERAL_CONVERSION = YES;
				CLANG_WARN_OBJC_ROOT_CLASS = YES_ERROR;
				CLANG_WARN_QUOTED_INCLUDE_IN_FRAMEWORK_HEADER = YES;
				CLANG_WARN_RANGE_LOOP_ANALYSIS = YES;
				CLANG_WARN_STRICT_PROTOTYPES = YES;
				CLANG_WARN_SUSPICIOUS_MOVE = YES;
				CLANG_WARN_UNGUARDED_AVAILABILITY = YES_AGGRESSIVE;
				CLANG_WARN_UNREACHABLE_CODE = YES;
				CLANG_WARN__DUPLICATE_METHOD_MATCH = YES;
				COPY_PHASE_STRIP = NO;
				DEBUG_INFORMATION_FORMAT = dwarf;
				ENABLE_STRICT_OBJC_MSGSEND = YES;
				ENABLE_TESTABILITY = YES;
				ENABLE_USER_SCRIPT_SANDBOXING = YES;
				GCC_C_LANGUAGE_STANDARD = gnu17;
				GCC_DYNAMIC_NO_PIC = NO;
				GCC_NO_COMMON_BLOCKS = YES;
				GCC_OPTIMIZATION_LEVEL = 0;
				GCC_PREPROCESSOR_DEFINITIONS = (
					"DEBUG=1",
					"$(inherited)",
				);
				GCC_WARN_64_TO_32_BIT_CONVERSION = YES;
				GCC_WARN_ABOUT_RETURN_TYPE = YES_ERROR;
				GCC_WARN_UNDECLARED_SELECTOR = YES;
				GCC_WARN_UNINITIALIZED_AUTOS = YES_AGGRESSIVE;
				GCC_WARN_UNUSED_FUNCTION = YES;
				GCC_WARN_UNUSED_VARIABLE = YES;
				IPHONEOS_DEPLOYMENT_TARGET = 17.0;
				LOCALIZATION_PREFERS_STRING_CATALOGS = YES;
				MTL_ENABLE_DEBUG_INFO = INCLUDE_SOURCE;
				MTL_FAST_MATH = YES;
				ONLY_ACTIVE_ARCH = YES;
				SDKROOT = iphoneos;
				SWIFT_ACTIVE_COMPILATION_CONDITIONS = "DEBUG $(inherited)";
				SWIFT_OPTIMIZATION_LEVEL = "-Onone";
			};
			name = Debug;
		};
		09457DB92AE4EA590079490B /* Release */ = {
			isa = XCBuildConfiguration;
			buildSettings = {
				ALWAYS_SEARCH_USER_PATHS = NO;
				ASSETCATALOG_COMPILER_GENERATE_SWIFT_ASSET_SYMBOL_EXTENSIONS = YES;
				CLANG_ANALYZER_NONNULL = YES;
				CLANG_ANALYZER_NUMBER_OBJECT_CONVERSION = YES_AGGRESSIVE;
				CLANG_CXX_LANGUAGE_STANDARD = "gnu++20";
				CLANG_ENABLE_MODULES = YES;
				CLANG_ENABLE_OBJC_ARC = YES;
				CLANG_ENABLE_OBJC_WEAK = YES;
				CLANG_WARN_BLOCK_CAPTURE_AUTORELEASING = YES;
				CLANG_WARN_BOOL_CONVERSION = YES;
				CLANG_WARN_COMMA = YES;
				CLANG_WARN_CONSTANT_CONVERSION = YES;
				CLANG_WARN_DEPRECATED_OBJC_IMPLEMENTATIONS = YES;
				CLANG_WARN_DIRECT_OBJC_ISA_USAGE = YES_ERROR;
				CLANG_WARN_DOCUMENTATION_COMMENTS = YES;
				CLANG_WARN_EMPTY_BODY = YES;
				CLANG_WARN_ENUM_CONVERSION = YES;
				CLANG_WARN_INFINITE_RECURSION = YES;
				CLANG_WARN_INT_CONVERSION = YES;
				CLANG_WARN_NON_LITERAL_NULL_CONVERSION = YES;
				CLANG_WARN_OBJC_IMPLICIT_RETAIN_SELF = YES;
				CLANG_WARN_OBJC_LITERAL_CONVERSION = YES;
				CLANG_WARN_OBJC_ROOT_CLASS = YES_ERROR;
				CLANG_WARN_QUOTED_INCLUDE_IN_FRAMEWORK_HEADER = YES;
				CLANG_WARN_RANGE_LOOP_ANALYSIS = YES;
				CLANG_WARN_STRICT_PROTOTYPES = YES;
				CLANG_WARN_SUSPICIOUS_MOVE = YES;
				CLANG_WARN_UNGUARDED_AVAILABILITY = YES_AGGRESSIVE;
				CLANG_WARN_UNREACHABLE_CODE = YES;
				CLANG_WARN__DUPLICATE_METHOD_MATCH = YES;
				COPY_PHASE_STRIP = NO;
				DEBUG_INFORMATION_FORMAT = "dwarf-with-dsym";
				ENABLE_NS_ASSERTIONS = NO;
				ENABLE_STRICT_OBJC_MSGSEND = YES;
				ENABLE_USER_SCRIPT_SANDBOXING = YES;
				GCC_C_LANGUAGE_STANDARD = gnu17;
				GCC_NO_COMMON_BLOCKS = YES;
				GCC_WARN_64_TO_32_BIT_CONVERSION = YES;
				GCC_WARN_ABOUT_RETURN_TYPE = YES_ERROR;
				GCC_WARN_UNDECLARED_SELECTOR = YES;
				GCC_WARN_UNINITIALIZED_AUTOS = YES_AGGRESSIVE;
				GCC_WARN_UNUSED_FUNCTION = YES;
				GCC_WARN_UNUSED_VARIABLE = YES;
				IPHONEOS_DEPLOYMENT_TARGET = 17.0;
				LOCALIZATION_PREFERS_STRING_CATALOGS = YES;
				MTL_ENABLE_DEBUG_INFO = NO;
				MTL_FAST_MATH = YES;
				SDKROOT = iphoneos;
				SWIFT_COMPILATION_MODE = wholemodule;
				VALIDATE_PRODUCT = YES;
			};
			name = Release;
		};
		09457DBB2AE4EA590079490B /* Debug */ = {
			isa = XCBuildConfiguration;
			baseConfigurationReference = 199C21455FDEA28A8EC12499 /* Pods-Practiise.debug.xcconfig */;
			buildSettings = {
				ASSETCATALOG_COMPILER_APPICON_NAME = AppIcon;
				ASSETCATALOG_COMPILER_GLOBAL_ACCENT_COLOR_NAME = AccentColor;
				ASSETCATALOG_COMPILER_INCLUDE_ALL_APPICON_ASSETS = NO;
				CODE_SIGN_STYLE = Automatic;
				CURRENT_PROJECT_VERSION = 1;
				DEVELOPMENT_TEAM = WQZ3XLJ7TJ;
				GENERATE_INFOPLIST_FILE = YES;
				INFOPLIST_FILE = Practiise/Info.plist;
				INFOPLIST_KEY_UIApplicationSupportsIndirectInputEvents = YES;
				INFOPLIST_KEY_UILaunchStoryboardName = LaunchScreen.storyboard;
				INFOPLIST_KEY_UIMainStoryboardFile = Main;
				INFOPLIST_KEY_UISupportedInterfaceOrientations_iPad = "UIInterfaceOrientationPortrait UIInterfaceOrientationPortraitUpsideDown UIInterfaceOrientationLandscapeLeft UIInterfaceOrientationLandscapeRight";
				INFOPLIST_KEY_UISupportedInterfaceOrientations_iPhone = "UIInterfaceOrientationPortrait UIInterfaceOrientationLandscapeLeft UIInterfaceOrientationLandscapeRight";
				LD_RUNPATH_SEARCH_PATHS = (
					"$(inherited)",
					"@executable_path/Frameworks",
				);
				MARKETING_VERSION = 1.0;
				PRODUCT_BUNDLE_IDENTIFIER = personal.Practiise;
				PRODUCT_NAME = "$(TARGET_NAME)";
				SWIFT_EMIT_LOC_STRINGS = YES;
				SWIFT_VERSION = 5.0;
				TARGETED_DEVICE_FAMILY = "1,2";
			};
			name = Debug;
		};
		09457DBC2AE4EA590079490B /* Release */ = {
			isa = XCBuildConfiguration;
			baseConfigurationReference = 64AF800CA4D935DAB9D6A6C2 /* Pods-Practiise.release.xcconfig */;
			buildSettings = {
				ASSETCATALOG_COMPILER_APPICON_NAME = AppIcon;
				ASSETCATALOG_COMPILER_GLOBAL_ACCENT_COLOR_NAME = AccentColor;
				ASSETCATALOG_COMPILER_INCLUDE_ALL_APPICON_ASSETS = NO;
				CODE_SIGN_STYLE = Automatic;
				CURRENT_PROJECT_VERSION = 1;
				DEVELOPMENT_TEAM = WQZ3XLJ7TJ;
				GENERATE_INFOPLIST_FILE = YES;
				INFOPLIST_FILE = Practiise/Info.plist;
				INFOPLIST_KEY_UIApplicationSupportsIndirectInputEvents = YES;
				INFOPLIST_KEY_UILaunchStoryboardName = LaunchScreen.storyboard;
				INFOPLIST_KEY_UIMainStoryboardFile = Main;
				INFOPLIST_KEY_UISupportedInterfaceOrientations_iPad = "UIInterfaceOrientationPortrait UIInterfaceOrientationPortraitUpsideDown UIInterfaceOrientationLandscapeLeft UIInterfaceOrientationLandscapeRight";
				INFOPLIST_KEY_UISupportedInterfaceOrientations_iPhone = "UIInterfaceOrientationPortrait UIInterfaceOrientationLandscapeLeft UIInterfaceOrientationLandscapeRight";
				LD_RUNPATH_SEARCH_PATHS = (
					"$(inherited)",
					"@executable_path/Frameworks",
				);
				MARKETING_VERSION = 1.0;
				PRODUCT_BUNDLE_IDENTIFIER = personal.Practiise;
				PRODUCT_NAME = "$(TARGET_NAME)";
				SWIFT_EMIT_LOC_STRINGS = YES;
				SWIFT_VERSION = 5.0;
				TARGETED_DEVICE_FAMILY = "1,2";
			};
			name = Release;
		};
/* End XCBuildConfiguration section */

/* Begin XCConfigurationList section */
		09457DA12AE4EA580079490B /* Build configuration list for PBXProject "Practiise" */ = {
			isa = XCConfigurationList;
			buildConfigurations = (
				09457DB82AE4EA590079490B /* Debug */,
				09457DB92AE4EA590079490B /* Release */,
			);
			defaultConfigurationIsVisible = 0;
			defaultConfigurationName = Release;
		};
		09457DBA2AE4EA590079490B /* Build configuration list for PBXNativeTarget "Practiise" */ = {
			isa = XCConfigurationList;
			buildConfigurations = (
				09457DBB2AE4EA590079490B /* Debug */,
				09457DBC2AE4EA590079490B /* Release */,
			);
			defaultConfigurationIsVisible = 0;
			defaultConfigurationName = Release;
		};
/* End XCConfigurationList section */
	};
	rootObject = 09457D9E2AE4EA580079490B /* Project object */;
}
